{
  "requires": true,
  "lockfileVersion": 1,
  "dependencies": {
    "@types/node": {
      "version": "13.7.1",
      "resolved": "https://registry.npmjs.org/@types/node/-/node-13.7.1.tgz",
      "integrity": "sha512-Zq8gcQGmn4txQEJeiXo/KiLpon8TzAl0kmKH4zdWctPj05nWwp1ClMdAVEloqrQKfaC48PNLdgN/aVaLqUrluA=="
    },
    "aws-embedded-metrics": {
      "version": "1.0.1",
      "resolved": "https://registry.npmjs.org/aws-embedded-metrics/-/aws-embedded-metrics-1.0.1.tgz",
      "integrity": "sha512-8ST8wddRR4wlOWHti30P/A+KHHtWBsd0Rgr3EKZT8cCwPIHESUTpnvOJ37q2kNyFKWq2Ioad2+bQErJiZZWryQ=="
    }
  }
}
